# This file is automatically @generated by Cargo.
# It is not intended for manual editing.
version = 4

[[package]]
name = "lune_collections"
version = "0.1.0"

[[package]]
name = "lune_diagnostics"
version = "0.1.0"

[[package]]
name = "lune_math"
version = "0.1.0"

[[package]]
name = "lune_memory"
version = "0.1.0"
